
Microsoft Visual Studio Solution File, Format Version 12.00
VisualStudioVersion = 19.3.32819.101
MinimumVisualStudioVersion = 10.0.40219.1
Project("{9A19103F-16F7-4668-BE54-9A1E7A4F7556}") = "WorkOOP", "WorkOOP\WorkOOP.csproj", "{7C168EA6-D66A-40C4-99A2-57FF030AAF80}"
EndProject
Global
	GlobalSection(SolutionConfigurationPlatforms) = preSolution
		Debug|Any CPU = Debug|Any CPU
		Release|Any CPU = Release|Any CPU
	EndGlobalSection
	GlobalSection(ProjectConfigurationPlatforms) = postSolution
		{7C168EA6-D66A-40C4-99A2-57FF030AAF80}.Debug|Any CPU.ActiveCfg = Debug|Any CPU
		{7C168EA6-D66A-40C4-99A2-57FF030AAF80}.Debug|Any CPU.Build.0 = Debug|Any CPU
		{7C168EA6-D66A-40C4-99A2-57FF030AAF80}.Release|Any CPU.ActiveCfg = Release|Any CPU
		{7C168EA6-D66A-40C4-99A2-57FF030AAF80}.Release|Any CPU.Build.0 = Release|Any CPU
	EndGlobalSection
	GlobalSection(SolutionProperties) = preSolution
		HideSolutionNode = FALSE
	EndGlobalSection
	GlobalSection(ExtensibilityGlobals) = postSolution
		SolutionGuid = {0F71BD4F-8B7F-4BE0-88DF-A402D6F3670A}
	EndGlobalSection
EndGlobal
